// !$*UTF8*$!
{
	archiveVersion = 1;
	classes = {
	};
	objectVersion = 55;
	objects = {

/* Begin PBXBuildFile section */
		1307FB91FC4F29ECB445B7B1 /* Pods_KalawSweetyHouseTests.framework in Frameworks */ = {isa = PBXBuildFile; fileRef = D84FD2D6D889BE5826EFA6BE /* Pods_KalawSweetyHouseTests.framework */; };
		41958805F25E14F0410374BD /* Pods_KalawSweetyHouse_KalawSweetyHouseUITests.framework in Frameworks */ = {isa = PBXBuildFile; fileRef = 37CAD8400D19E40FE2FAA19D /* Pods_KalawSweetyHouse_KalawSweetyHouseUITests.framework */; };
		781C5DEB2B30A6EE00150DF1 /* LabeledTextField.swift in Sources */ = {isa = PBXBuildFile; fileRef = 781C5DEA2B30A6EE00150DF1 /* LabeledTextField.swift */; };
		781C5DED2B30A70300150DF1 /* LabeledTextField.xib in Resources */ = {isa = PBXBuildFile; fileRef = 781C5DEC2B30A70300150DF1 /* LabeledTextField.xib */; };
		781C5DEF2B30A87800150DF1 /* NibBasedControl.swift in Sources */ = {isa = PBXBuildFile; fileRef = 781C5DEE2B30A87800150DF1 /* NibBasedControl.swift */; };
		78246ADD2B1982AF005E2FFE /* AddController.swift in Sources */ = {isa = PBXBuildFile; fileRef = 78246ADB2B1982AF005E2FFE /* AddController.swift */; };
		78246ADE2B1982AF005E2FFE /* AddController.xib in Resources */ = {isa = PBXBuildFile; fileRef = 78246ADC2B1982AF005E2FFE /* AddController.xib */; };
		78246AE22B199185005E2FFE /* ImageWithTextField.swift in Sources */ = {isa = PBXBuildFile; fileRef = 78246AE12B199185005E2FFE /* ImageWithTextField.swift */; };
		78246AE52B199724005E2FFE /* UITextFieldExt++.swift in Sources */ = {isa = PBXBuildFile; fileRef = 78246AE42B199724005E2FFE /* UITextFieldExt++.swift */; };
		78268E8B2B348FC300AA1668 /* CalendarTextField.swift in Sources */ = {isa = PBXBuildFile; fileRef = 78268E8A2B348FC300AA1668 /* CalendarTextField.swift */; };
		78268E8D2B348FD100AA1668 /* CalendarTextField.xib in Resources */ = {isa = PBXBuildFile; fileRef = 78268E8C2B348FD100AA1668 /* CalendarTextField.xib */; };
		7826A0682B356C70009DA2D3 /* DimmingBackgroundPresentationController.swift in Sources */ = {isa = PBXBuildFile; fileRef = 7826A0672B356C70009DA2D3 /* DimmingBackgroundPresentationController.swift */; };
		7826A06C2B356CE9009DA2D3 /* CalendarPopupController.swift in Sources */ = {isa = PBXBuildFile; fileRef = 7826A06A2B356CE9009DA2D3 /* CalendarPopupController.swift */; };
		7826A06D2B356CE9009DA2D3 /* CalendarPopupController.xib in Resources */ = {isa = PBXBuildFile; fileRef = 7826A06B2B356CE9009DA2D3 /* CalendarPopupController.xib */; };
		78895AEE2B276C3200DD7E9B /* NibBaseView.swift in Sources */ = {isa = PBXBuildFile; fileRef = 78895AED2B276C3200DD7E9B /* NibBaseView.swift */; };
		78895AF02B276C5600DD7E9B /* NibLoadableViewProtocol.swift in Sources */ = {isa = PBXBuildFile; fileRef = 78895AEF2B276C5600DD7E9B /* NibLoadableViewProtocol.swift */; };
		78AA53AD2B162F8500A63F33 /* AppDelegate.swift in Sources */ = {isa = PBXBuildFile; fileRef = 78AA53AC2B162F8500A63F33 /* AppDelegate.swift */; };
		78AA53AF2B162F8500A63F33 /* SceneDelegate.swift in Sources */ = {isa = PBXBuildFile; fileRef = 78AA53AE2B162F8500A63F33 /* SceneDelegate.swift */; };
		78AA53B62B162F8600A63F33 /* Assets.xcassets in Resources */ = {isa = PBXBuildFile; fileRef = 78AA53B52B162F8600A63F33 /* Assets.xcassets */; };
		78AA53B92B162F8600A63F33 /* LaunchScreen.storyboard in Resources */ = {isa = PBXBuildFile; fileRef = 78AA53B72B162F8600A63F33 /* LaunchScreen.storyboard */; };
		78AA53C42B162F8600A63F33 /* KalawSweetyHouseTests.swift in Sources */ = {isa = PBXBuildFile; fileRef = 78AA53C32B162F8600A63F33 /* KalawSweetyHouseTests.swift */; };
		78AA53CE2B162F8600A63F33 /* KalawSweetyHouseUITests.swift in Sources */ = {isa = PBXBuildFile; fileRef = 78AA53CD2B162F8600A63F33 /* KalawSweetyHouseUITests.swift */; };
		78AA53D02B162F8600A63F33 /* KalawSweetyHouseUITestsLaunchTests.swift in Sources */ = {isa = PBXBuildFile; fileRef = 78AA53CF2B162F8600A63F33 /* KalawSweetyHouseUITestsLaunchTests.swift */; };
		78AA53E42B1633BB00A63F33 /* App.swift in Sources */ = {isa = PBXBuildFile; fileRef = 78AA53E32B1633BB00A63F33 /* App.swift */; };
		78AA53E62B16366700A63F33 /* main.swift in Sources */ = {isa = PBXBuildFile; fileRef = 78AA53E52B16366700A63F33 /* main.swift */; };
		78AA53E92B1638E900A63F33 /* GoogleService-Info.plist in Resources */ = {isa = PBXBuildFile; fileRef = 78AA53E82B1638E900A63F33 /* GoogleService-Info.plist */; };
		78AA96892B1647C5003D8FC8 /* FirebaseApi.swift in Sources */ = {isa = PBXBuildFile; fileRef = 78AA96882B1647C5003D8FC8 /* FirebaseApi.swift */; };
		78AA968B2B164856003D8FC8 /* CloudFireStoreFirebaseApiImpl.swift in Sources */ = {isa = PBXBuildFile; fileRef = 78AA968A2B164856003D8FC8 /* CloudFireStoreFirebaseApiImpl.swift */; };
		78AA968E2B1648C3003D8FC8 /* KSHRespnse.swift in Sources */ = {isa = PBXBuildFile; fileRef = 78AA968D2B1648C3003D8FC8 /* KSHRespnse.swift */; };
		78AA96932B16508F003D8FC8 /* DashBoardController.swift in Sources */ = {isa = PBXBuildFile; fileRef = 78AA96912B16508F003D8FC8 /* DashBoardController.swift */; };
		78AA96942B16508F003D8FC8 /* DashBoardController.xib in Resources */ = {isa = PBXBuildFile; fileRef = 78AA96922B16508F003D8FC8 /* DashBoardController.xib */; };
		AC5A65375F44BBC99788AA2F /* Pods_KalawSweetyHouse.framework in Frameworks */ = {isa = PBXBuildFile; fileRef = 6FA6EC08D37CBBEE9C235777 /* Pods_KalawSweetyHouse.framework */; };
/* End PBXBuildFile section */

/* Begin PBXContainerItemProxy section */
		78AA53C02B162F8600A63F33 /* PBXContainerItemProxy */ = {
			isa = PBXContainerItemProxy;
			containerPortal = 78AA53A12B162F8500A63F33 /* Project object */;
			proxyType = 1;
			remoteGlobalIDString = 78AA53A82B162F8500A63F33;
			remoteInfo = KalawSweetyHouse;
		};
		78AA53CA2B162F8600A63F33 /* PBXContainerItemProxy */ = {
			isa = PBXContainerItemProxy;
			containerPortal = 78AA53A12B162F8500A63F33 /* Project object */;
			proxyType = 1;
			remoteGlobalIDString = 78AA53A82B162F8500A63F33;
			remoteInfo = KalawSweetyHouse;
		};
/* End PBXContainerItemProxy section */

/* Begin PBXFileReference section */
		10132A49DAEB02849361BA50 /* Pods-KalawSweetyHouse-KalawSweetyHouseUITests.release.xcconfig */ = {isa = PBXFileReference; includeInIndex = 1; lastKnownFileType = text.xcconfig; name = "Pods-KalawSweetyHouse-KalawSweetyHouseUITests.release.xcconfig"; path = "Target Support Files/Pods-KalawSweetyHouse-KalawSweetyHouseUITests/Pods-KalawSweetyHouse-KalawSweetyHouseUITests.release.xcconfig"; sourceTree = "<group>"; };
		215F8649976CF41F7B16BBE3 /* Pods-KalawSweetyHouseTests.release.xcconfig */ = {isa = PBXFileReference; includeInIndex = 1; lastKnownFileType = text.xcconfig; name = "Pods-KalawSweetyHouseTests.release.xcconfig"; path = "Target Support Files/Pods-KalawSweetyHouseTests/Pods-KalawSweetyHouseTests.release.xcconfig"; sourceTree = "<group>"; };
		37CAD8400D19E40FE2FAA19D /* Pods_KalawSweetyHouse_KalawSweetyHouseUITests.framework */ = {isa = PBXFileReference; explicitFileType = wrapper.framework; includeInIndex = 0; path = Pods_KalawSweetyHouse_KalawSweetyHouseUITests.framework; sourceTree = BUILT_PRODUCTS_DIR; };
		385351785C404A646968E977 /* Pods-KalawSweetyHouse.debug.xcconfig */ = {isa = PBXFileReference; includeInIndex = 1; lastKnownFileType = text.xcconfig; name = "Pods-KalawSweetyHouse.debug.xcconfig"; path = "Target Support Files/Pods-KalawSweetyHouse/Pods-KalawSweetyHouse.debug.xcconfig"; sourceTree = "<group>"; };
		6FA6EC08D37CBBEE9C235777 /* Pods_KalawSweetyHouse.framework */ = {isa = PBXFileReference; explicitFileType = wrapper.framework; includeInIndex = 0; path = Pods_KalawSweetyHouse.framework; sourceTree = BUILT_PRODUCTS_DIR; };
		734FBD1330B711F874715CC0 /* Pods-KalawSweetyHouseTests.debug.xcconfig */ = {isa = PBXFileReference; includeInIndex = 1; lastKnownFileType = text.xcconfig; name = "Pods-KalawSweetyHouseTests.debug.xcconfig"; path = "Target Support Files/Pods-KalawSweetyHouseTests/Pods-KalawSweetyHouseTests.debug.xcconfig"; sourceTree = "<group>"; };
		781C5DEA2B30A6EE00150DF1 /* LabeledTextField.swift */ = {isa = PBXFileReference; lastKnownFileType = sourcecode.swift; path = LabeledTextField.swift; sourceTree = "<group>"; };
		781C5DEC2B30A70300150DF1 /* LabeledTextField.xib */ = {isa = PBXFileReference; lastKnownFileType = file.xib; path = LabeledTextField.xib; sourceTree = "<group>"; };
		781C5DEE2B30A87800150DF1 /* NibBasedControl.swift */ = {isa = PBXFileReference; lastKnownFileType = sourcecode.swift; path = NibBasedControl.swift; sourceTree = "<group>"; };
		78246ADB2B1982AF005E2FFE /* AddController.swift */ = {isa = PBXFileReference; lastKnownFileType = sourcecode.swift; path = AddController.swift; sourceTree = "<group>"; };
		78246ADC2B1982AF005E2FFE /* AddController.xib */ = {isa = PBXFileReference; lastKnownFileType = file.xib; path = AddController.xib; sourceTree = "<group>"; };
		78246AE12B199185005E2FFE /* ImageWithTextField.swift */ = {isa = PBXFileReference; lastKnownFileType = sourcecode.swift; path = ImageWithTextField.swift; sourceTree = "<group>"; };
		78246AE42B199724005E2FFE /* UITextFieldExt++.swift */ = {isa = PBXFileReference; lastKnownFileType = sourcecode.swift; path = "UITextFieldExt++.swift"; sourceTree = "<group>"; };
		78268E8A2B348FC300AA1668 /* CalendarTextField.swift */ = {isa = PBXFileReference; lastKnownFileType = sourcecode.swift; path = CalendarTextField.swift; sourceTree = "<group>"; };
		78268E8C2B348FD100AA1668 /* CalendarTextField.xib */ = {isa = PBXFileReference; lastKnownFileType = file.xib; path = CalendarTextField.xib; sourceTree = "<group>"; };
		7826A0672B356C70009DA2D3 /* DimmingBackgroundPresentationController.swift */ = {isa = PBXFileReference; lastKnownFileType = sourcecode.swift; path = DimmingBackgroundPresentationController.swift; sourceTree = "<group>"; };
		7826A06A2B356CE9009DA2D3 /* CalendarPopupController.swift */ = {isa = PBXFileReference; lastKnownFileType = sourcecode.swift; path = CalendarPopupController.swift; sourceTree = "<group>"; };
		7826A06B2B356CE9009DA2D3 /* CalendarPopupController.xib */ = {isa = PBXFileReference; lastKnownFileType = file.xib; path = CalendarPopupController.xib; sourceTree = "<group>"; };
		78895AED2B276C3200DD7E9B /* NibBaseView.swift */ = {isa = PBXFileReference; lastKnownFileType = sourcecode.swift; path = NibBaseView.swift; sourceTree = "<group>"; };
		78895AEF2B276C5600DD7E9B /* NibLoadableViewProtocol.swift */ = {isa = PBXFileReference; lastKnownFileType = sourcecode.swift; path = NibLoadableViewProtocol.swift; sourceTree = "<group>"; };
		78AA53A92B162F8500A63F33 /* KalawSweetyHouse.app */ = {isa = PBXFileReference; explicitFileType = wrapper.application; includeInIndex = 0; path = KalawSweetyHouse.app; sourceTree = BUILT_PRODUCTS_DIR; };
		78AA53AC2B162F8500A63F33 /* AppDelegate.swift */ = {isa = PBXFileReference; lastKnownFileType = sourcecode.swift; path = AppDelegate.swift; sourceTree = "<group>"; };
		78AA53AE2B162F8500A63F33 /* SceneDelegate.swift */ = {isa = PBXFileReference; lastKnownFileType = sourcecode.swift; path = SceneDelegate.swift; sourceTree = "<group>"; };
		78AA53B52B162F8600A63F33 /* Assets.xcassets */ = {isa = PBXFileReference; lastKnownFileType = folder.assetcatalog; path = Assets.xcassets; sourceTree = "<group>"; };
		78AA53B82B162F8600A63F33 /* Base */ = {isa = PBXFileReference; lastKnownFileType = file.storyboard; name = Base; path = Base.lproj/LaunchScreen.storyboard; sourceTree = "<group>"; };
		78AA53BA2B162F8600A63F33 /* Info.plist */ = {isa = PBXFileReference; lastKnownFileType = text.plist.xml; path = Info.plist; sourceTree = "<group>"; };
		78AA53BF2B162F8600A63F33 /* KalawSweetyHouseTests.xctest */ = {isa = PBXFileReference; explicitFileType = wrapper.cfbundle; includeInIndex = 0; path = KalawSweetyHouseTests.xctest; sourceTree = BUILT_PRODUCTS_DIR; };
		78AA53C32B162F8600A63F33 /* KalawSweetyHouseTests.swift */ = {isa = PBXFileReference; lastKnownFileType = sourcecode.swift; path = KalawSweetyHouseTests.swift; sourceTree = "<group>"; };
		78AA53C92B162F8600A63F33 /* KalawSweetyHouseUITests.xctest */ = {isa = PBXFileReference; explicitFileType = wrapper.cfbundle; includeInIndex = 0; path = KalawSweetyHouseUITests.xctest; sourceTree = BUILT_PRODUCTS_DIR; };
		78AA53CD2B162F8600A63F33 /* KalawSweetyHouseUITests.swift */ = {isa = PBXFileReference; lastKnownFileType = sourcecode.swift; path = KalawSweetyHouseUITests.swift; sourceTree = "<group>"; };
		78AA53CF2B162F8600A63F33 /* KalawSweetyHouseUITestsLaunchTests.swift */ = {isa = PBXFileReference; lastKnownFileType = sourcecode.swift; path = KalawSweetyHouseUITestsLaunchTests.swift; sourceTree = "<group>"; };
		78AA53E32B1633BB00A63F33 /* App.swift */ = {isa = PBXFileReference; lastKnownFileType = sourcecode.swift; path = App.swift; sourceTree = "<group>"; };
		78AA53E52B16366700A63F33 /* main.swift */ = {isa = PBXFileReference; lastKnownFileType = sourcecode.swift; path = main.swift; sourceTree = "<group>"; };
		78AA53E82B1638E900A63F33 /* GoogleService-Info.plist */ = {isa = PBXFileReference; fileEncoding = 4; lastKnownFileType = text.plist.xml; path = "GoogleService-Info.plist"; sourceTree = "<group>"; };
		78AA96882B1647C5003D8FC8 /* FirebaseApi.swift */ = {isa = PBXFileReference; lastKnownFileType = sourcecode.swift; path = FirebaseApi.swift; sourceTree = "<group>"; };
		78AA968A2B164856003D8FC8 /* CloudFireStoreFirebaseApiImpl.swift */ = {isa = PBXFileReference; lastKnownFileType = sourcecode.swift; path = CloudFireStoreFirebaseApiImpl.swift; sourceTree = "<group>"; };
		78AA968D2B1648C3003D8FC8 /* KSHRespnse.swift */ = {isa = PBXFileReference; lastKnownFileType = sourcecode.swift; path = KSHRespnse.swift; sourceTree = "<group>"; };
		78AA96912B16508F003D8FC8 /* DashBoardController.swift */ = {isa = PBXFileReference; lastKnownFileType = sourcecode.swift; path = DashBoardController.swift; sourceTree = "<group>"; };
		78AA96922B16508F003D8FC8 /* DashBoardController.xib */ = {isa = PBXFileReference; lastKnownFileType = file.xib; path = DashBoardController.xib; sourceTree = "<group>"; };
		78AA96962B165A1A003D8FC8 /* FSCalendar.framework */ = {isa = PBXFileReference; explicitFileType = wrapper.framework; path = FSCalendar.framework; sourceTree = BUILT_PRODUCTS_DIR; };
		91C94DF39B0A0D2A5A40CDD1 /* Pods-KalawSweetyHouse-KalawSweetyHouseUITests.debug.xcconfig */ = {isa = PBXFileReference; includeInIndex = 1; lastKnownFileType = text.xcconfig; name = "Pods-KalawSweetyHouse-KalawSweetyHouseUITests.debug.xcconfig"; path = "Target Support Files/Pods-KalawSweetyHouse-KalawSweetyHouseUITests/Pods-KalawSweetyHouse-KalawSweetyHouseUITests.debug.xcconfig"; sourceTree = "<group>"; };
		D84FD2D6D889BE5826EFA6BE /* Pods_KalawSweetyHouseTests.framework */ = {isa = PBXFileReference; explicitFileType = wrapper.framework; includeInIndex = 0; path = Pods_KalawSweetyHouseTests.framework; sourceTree = BUILT_PRODUCTS_DIR; };
		E84351CCEE36B1D179B4A49A /* Pods-KalawSweetyHouse.release.xcconfig */ = {isa = PBXFileReference; includeInIndex = 1; lastKnownFileType = text.xcconfig; name = "Pods-KalawSweetyHouse.release.xcconfig"; path = "Target Support Files/Pods-KalawSweetyHouse/Pods-KalawSweetyHouse.release.xcconfig"; sourceTree = "<group>"; };
/* End PBXFileReference section */

/* Begin PBXFrameworksBuildPhase section */
		78AA53A62B162F8500A63F33 /* Frameworks */ = {
			isa = PBXFrameworksBuildPhase;
			buildActionMask = 2147483647;
			files = (
				AC5A65375F44BBC99788AA2F /* Pods_KalawSweetyHouse.framework in Frameworks */,
			);
			runOnlyForDeploymentPostprocessing = 0;
		};
		78AA53BC2B162F8600A63F33 /* Frameworks */ = {
			isa = PBXFrameworksBuildPhase;
			buildActionMask = 2147483647;
			files = (
				1307FB91FC4F29ECB445B7B1 /* Pods_KalawSweetyHouseTests.framework in Frameworks */,
			);
			runOnlyForDeploymentPostprocessing = 0;
		};
		78AA53C62B162F8600A63F33 /* Frameworks */ = {
			isa = PBXFrameworksBuildPhase;
			buildActionMask = 2147483647;
			files = (
				41958805F25E14F0410374BD /* Pods_KalawSweetyHouse_KalawSweetyHouseUITests.framework in Frameworks */,
			);
			runOnlyForDeploymentPostprocessing = 0;
		};
/* End PBXFrameworksBuildPhase section */

/* Begin PBXGroup section */
		3E726EC6BF042D5D350CA08E /* Frameworks */ = {
			isa = PBXGroup;
			children = (
				78AA96962B165A1A003D8FC8 /* FSCalendar.framework */,
				6FA6EC08D37CBBEE9C235777 /* Pods_KalawSweetyHouse.framework */,
				37CAD8400D19E40FE2FAA19D /* Pods_KalawSweetyHouse_KalawSweetyHouseUITests.framework */,
				D84FD2D6D889BE5826EFA6BE /* Pods_KalawSweetyHouseTests.framework */,
			);
			name = Frameworks;
			sourceTree = "<group>";
		};
		781C5DE92B30A6CC00150DF1 /* LabeledTextField */ = {
			isa = PBXGroup;
			children = (
				781C5DEA2B30A6EE00150DF1 /* LabeledTextField.swift */,
				781C5DEC2B30A70300150DF1 /* LabeledTextField.xib */,
			);
			path = LabeledTextField;
			sourceTree = "<group>";
		};
		78246ADA2B198295005E2FFE /* Add */ = {
			isa = PBXGroup;
			children = (
				78895AE72B2765CA00DD7E9B /* view */,
				78246ADB2B1982AF005E2FFE /* AddController.swift */,
				78246ADC2B1982AF005E2FFE /* AddController.xib */,
			);
			path = Add;
			sourceTree = "<group>";
		};
		78246ADF2B198CEA005E2FFE /* UIComponents */ = {
			isa = PBXGroup;
			children = (
				7826A0662B356C48009DA2D3 /* presentation-controller */,
				78895AEC2B276C1000DD7E9B /* nib-loadable-view */,
				78246AE02B198E31005E2FFE /* components */,
			);
			path = UIComponents;
			sourceTree = "<group>";
		};
		78246AE02B198E31005E2FFE /* components */ = {
			isa = PBXGroup;
			children = (
				78268E892B348FA000AA1668 /* CalendarTextField */,
				781C5DE92B30A6CC00150DF1 /* LabeledTextField */,
				78246AE12B199185005E2FFE /* ImageWithTextField.swift */,
			);
			path = components;
			sourceTree = "<group>";
		};
		78246AE32B19970C005E2FFE /* Extensions */ = {
			isa = PBXGroup;
			children = (
				78246AE42B199724005E2FFE /* UITextFieldExt++.swift */,
			);
			path = Extensions;
			sourceTree = "<group>";
		};
		78268E892B348FA000AA1668 /* CalendarTextField */ = {
			isa = PBXGroup;
			children = (
				78268E8A2B348FC300AA1668 /* CalendarTextField.swift */,
				78268E8C2B348FD100AA1668 /* CalendarTextField.xib */,
			);
			path = CalendarTextField;
			sourceTree = "<group>";
		};
		7826A0662B356C48009DA2D3 /* presentation-controller */ = {
			isa = PBXGroup;
			children = (
				7826A0672B356C70009DA2D3 /* DimmingBackgroundPresentationController.swift */,
			);
			path = "presentation-controller";
			sourceTree = "<group>";
		};
		7826A0692B356CC7009DA2D3 /* calendarPopView */ = {
			isa = PBXGroup;
			children = (
				7826A06A2B356CE9009DA2D3 /* CalendarPopupController.swift */,
				7826A06B2B356CE9009DA2D3 /* CalendarPopupController.xib */,
			);
			path = calendarPopView;
			sourceTree = "<group>";
		};
		78895AE72B2765CA00DD7E9B /* view */ = {
			isa = PBXGroup;
			children = (
				7826A0692B356CC7009DA2D3 /* calendarPopView */,
			);
			path = view;
			sourceTree = "<group>";
		};
		78895AEC2B276C1000DD7E9B /* nib-loadable-view */ = {
			isa = PBXGroup;
			children = (
				78895AED2B276C3200DD7E9B /* NibBaseView.swift */,
				78895AEF2B276C5600DD7E9B /* NibLoadableViewProtocol.swift */,
				781C5DEE2B30A87800150DF1 /* NibBasedControl.swift */,
			);
			path = "nib-loadable-view";
			sourceTree = "<group>";
		};
		78AA53A02B162F8500A63F33 = {
			isa = PBXGroup;
			children = (
				78AA53AB2B162F8500A63F33 /* KalawSweetyHouse */,
				78AA53C22B162F8600A63F33 /* KalawSweetyHouseTests */,
				78AA53CC2B162F8600A63F33 /* KalawSweetyHouseUITests */,
				78AA53AA2B162F8500A63F33 /* Products */,
				AF5147C84271B70769C77E45 /* Pods */,
				3E726EC6BF042D5D350CA08E /* Frameworks */,
			);
			sourceTree = "<group>";
		};
		78AA53AA2B162F8500A63F33 /* Products */ = {
			isa = PBXGroup;
			children = (
				78AA53A92B162F8500A63F33 /* KalawSweetyHouse.app */,
				78AA53BF2B162F8600A63F33 /* KalawSweetyHouseTests.xctest */,
				78AA53C92B162F8600A63F33 /* KalawSweetyHouseUITests.xctest */,
			);
			name = Products;
			sourceTree = "<group>";
		};
		78AA53AB2B162F8500A63F33 /* KalawSweetyHouse */ = {
			isa = PBXGroup;
			children = (
				78246AE32B19970C005E2FFE /* Extensions */,
				78246ADF2B198CEA005E2FFE /* UIComponents */,
				78AA968C2B16489D003D8FC8 /* Data */,
				78AA96872B1647B7003D8FC8 /* Network */,
				78AA53E22B1632CB00A63F33 /* PresentationLayer */,
				78AA53DF2B1631F800A63F33 /* Storyboards */,
				78AA53DC2B16305500A63F33 /* Application */,
				78AA53E12B16321500A63F33 /* Resources */,
			);
			path = KalawSweetyHouse;
			sourceTree = "<group>";
		};
		78AA53C22B162F8600A63F33 /* KalawSweetyHouseTests */ = {
			isa = PBXGroup;
			children = (
				78AA53C32B162F8600A63F33 /* KalawSweetyHouseTests.swift */,
			);
			path = KalawSweetyHouseTests;
			sourceTree = "<group>";
		};
		78AA53CC2B162F8600A63F33 /* KalawSweetyHouseUITests */ = {
			isa = PBXGroup;
			children = (
				78AA53CD2B162F8600A63F33 /* KalawSweetyHouseUITests.swift */,
				78AA53CF2B162F8600A63F33 /* KalawSweetyHouseUITestsLaunchTests.swift */,
			);
			path = KalawSweetyHouseUITests;
			sourceTree = "<group>";
		};
		78AA53DC2B16305500A63F33 /* Application */ = {
			isa = PBXGroup;
			children = (
				78AA53E72B1638D600A63F33 /* googleInfo */,
				78AA53E02B16320100A63F33 /* Info */,
				78AA53DD2B16306000A63F33 /* AppDelegate */,
				78AA53DE2B16308800A63F33 /* SceneDelegate */,
				78AA53E32B1633BB00A63F33 /* App.swift */,
				78AA53E52B16366700A63F33 /* main.swift */,
			);
			path = Application;
			sourceTree = "<group>";
		};
		78AA53DD2B16306000A63F33 /* AppDelegate */ = {
			isa = PBXGroup;
			children = (
				78AA53AC2B162F8500A63F33 /* AppDelegate.swift */,
			);
			path = AppDelegate;
			sourceTree = "<group>";
		};
		78AA53DE2B16308800A63F33 /* SceneDelegate */ = {
			isa = PBXGroup;
			children = (
				78AA53AE2B162F8500A63F33 /* SceneDelegate.swift */,
			);
			path = SceneDelegate;
			sourceTree = "<group>";
		};
		78AA53DF2B1631F800A63F33 /* Storyboards */ = {
			isa = PBXGroup;
			children = (
				78AA53B72B162F8600A63F33 /* LaunchScreen.storyboard */,
			);
			path = Storyboards;
			sourceTree = "<group>";
		};
		78AA53E02B16320100A63F33 /* Info */ = {
			isa = PBXGroup;
			children = (
				78AA53BA2B162F8600A63F33 /* Info.plist */,
			);
			path = Info;
			sourceTree = "<group>";
		};
		78AA53E12B16321500A63F33 /* Resources */ = {
			isa = PBXGroup;
			children = (
				78AA53B52B162F8600A63F33 /* Assets.xcassets */,
			);
			path = Resources;
			sourceTree = "<group>";
		};
		78AA53E22B1632CB00A63F33 /* PresentationLayer */ = {
			isa = PBXGroup;
			children = (
				78246ADA2B198295005E2FFE /* Add */,
				78AA96952B165093003D8FC8 /* DashBoard */,
			);
			path = PresentationLayer;
			sourceTree = "<group>";
		};
		78AA53E72B1638D600A63F33 /* googleInfo */ = {
			isa = PBXGroup;
			children = (
				78AA53E82B1638E900A63F33 /* GoogleService-Info.plist */,
			);
			path = googleInfo;
			sourceTree = "<group>";
		};
		78AA96872B1647B7003D8FC8 /* Network */ = {
			isa = PBXGroup;
			children = (
				78AA96882B1647C5003D8FC8 /* FirebaseApi.swift */,
				78AA968A2B164856003D8FC8 /* CloudFireStoreFirebaseApiImpl.swift */,
			);
			path = Network;
			sourceTree = "<group>";
		};
		78AA968C2B16489D003D8FC8 /* Data */ = {
			isa = PBXGroup;
			children = (
				78AA968D2B1648C3003D8FC8 /* KSHRespnse.swift */,
			);
			path = Data;
			sourceTree = "<group>";
		};
		78AA96952B165093003D8FC8 /* DashBoard */ = {
			isa = PBXGroup;
			children = (
				78AA96912B16508F003D8FC8 /* DashBoardController.swift */,
				78AA96922B16508F003D8FC8 /* DashBoardController.xib */,
			);
			path = DashBoard;
			sourceTree = "<group>";
		};
		AF5147C84271B70769C77E45 /* Pods */ = {
			isa = PBXGroup;
			children = (
				385351785C404A646968E977 /* Pods-KalawSweetyHouse.debug.xcconfig */,
				E84351CCEE36B1D179B4A49A /* Pods-KalawSweetyHouse.release.xcconfig */,
				91C94DF39B0A0D2A5A40CDD1 /* Pods-KalawSweetyHouse-KalawSweetyHouseUITests.debug.xcconfig */,
				10132A49DAEB02849361BA50 /* Pods-KalawSweetyHouse-KalawSweetyHouseUITests.release.xcconfig */,
				734FBD1330B711F874715CC0 /* Pods-KalawSweetyHouseTests.debug.xcconfig */,
				215F8649976CF41F7B16BBE3 /* Pods-KalawSweetyHouseTests.release.xcconfig */,
			);
			path = Pods;
			sourceTree = "<group>";
		};
/* End PBXGroup section */

/* Begin PBXNativeTarget section */
		78AA53A82B162F8500A63F33 /* KalawSweetyHouse */ = {
			isa = PBXNativeTarget;
			buildConfigurationList = 78AA53D32B162F8600A63F33 /* Build configuration list for PBXNativeTarget "KalawSweetyHouse" */;
			buildPhases = (
				D9A528C7C661F066D07855A5 /* [CP] Check Pods Manifest.lock */,
				78AA53A52B162F8500A63F33 /* Sources */,
				78AA53A62B162F8500A63F33 /* Frameworks */,
				78AA53A72B162F8500A63F33 /* Resources */,
				5D5E033144F186B968C6FE62 /* [CP] Embed Pods Frameworks */,
			);
			buildRules = (
			);
			dependencies = (
			);
			name = KalawSweetyHouse;
			productName = KalawSweetyHouse;
			productReference = 78AA53A92B162F8500A63F33 /* KalawSweetyHouse.app */;
			productType = "com.apple.product-type.application";
		};
		78AA53BE2B162F8600A63F33 /* KalawSweetyHouseTests */ = {
			isa = PBXNativeTarget;
			buildConfigurationList = 78AA53D62B162F8600A63F33 /* Build configuration list for PBXNativeTarget "KalawSweetyHouseTests" */;
			buildPhases = (
				B010B8288527F75A66B9873B /* [CP] Check Pods Manifest.lock */,
				78AA53BB2B162F8600A63F33 /* Sources */,
				78AA53BC2B162F8600A63F33 /* Frameworks */,
				78AA53BD2B162F8600A63F33 /* Resources */,
			);
			buildRules = (
			);
			dependencies = (
				78AA53C12B162F8600A63F33 /* PBXTargetDependency */,
			);
			name = KalawSweetyHouseTests;
			productName = KalawSweetyHouseTests;
			productReference = 78AA53BF2B162F8600A63F33 /* KalawSweetyHouseTests.xctest */;
			productType = "com.apple.product-type.bundle.unit-test";
		};
		78AA53C82B162F8600A63F33 /* KalawSweetyHouseUITests */ = {
			isa = PBXNativeTarget;
			buildConfigurationList = 78AA53D92B162F8600A63F33 /* Build configuration list for PBXNativeTarget "KalawSweetyHouseUITests" */;
			buildPhases = (
				E6C5B1E1587143C69B54EB71 /* [CP] Check Pods Manifest.lock */,
				78AA53C52B162F8600A63F33 /* Sources */,
				78AA53C62B162F8600A63F33 /* Frameworks */,
				78AA53C72B162F8600A63F33 /* Resources */,
				4E98EAF24EC46D36A5B841BE /* [CP] Embed Pods Frameworks */,
			);
			buildRules = (
			);
			dependencies = (
				78AA53CB2B162F8600A63F33 /* PBXTargetDependency */,
			);
			name = KalawSweetyHouseUITests;
			productName = KalawSweetyHouseUITests;
			productReference = 78AA53C92B162F8600A63F33 /* KalawSweetyHouseUITests.xctest */;
			productType = "com.apple.product-type.bundle.ui-testing";
		};
/* End PBXNativeTarget section */

/* Begin PBXProject section */
		78AA53A12B162F8500A63F33 /* Project object */ = {
			isa = PBXProject;
			attributes = {
				BuildIndependentTargetsInParallel = 1;
				LastSwiftUpdateCheck = 1430;
				LastUpgradeCheck = 1430;
				TargetAttributes = {
					78AA53A82B162F8500A63F33 = {
						CreatedOnToolsVersion = 14.3.1;
					};
					78AA53BE2B162F8600A63F33 = {
						CreatedOnToolsVersion = 14.3.1;
						TestTargetID = 78AA53A82B162F8500A63F33;
					};
					78AA53C82B162F8600A63F33 = {
						CreatedOnToolsVersion = 14.3.1;
						TestTargetID = 78AA53A82B162F8500A63F33;
					};
				};
			};
			buildConfigurationList = 78AA53A42B162F8500A63F33 /* Build configuration list for PBXProject "KalawSweetyHouse" */;
			compatibilityVersion = "Xcode 13.0";
			developmentRegion = en;
			hasScannedForEncodings = 0;
			knownRegions = (
				en,
				Base,
			);
			mainGroup = 78AA53A02B162F8500A63F33;
			productRefGroup = 78AA53AA2B162F8500A63F33 /* Products */;
			projectDirPath = "";
			projectRoot = "";
			targets = (
				78AA53A82B162F8500A63F33 /* KalawSweetyHouse */,
				78AA53BE2B162F8600A63F33 /* KalawSweetyHouseTests */,
				78AA53C82B162F8600A63F33 /* KalawSweetyHouseUITests */,
			);
		};
/* End PBXProject section */

/* Begin PBXResourcesBuildPhase section */
		78AA53A72B162F8500A63F33 /* Resources */ = {
			isa = PBXResourcesBuildPhase;
			buildActionMask = 2147483647;
			files = (
				78AA96942B16508F003D8FC8 /* DashBoardController.xib in Resources */,
				78268E8D2B348FD100AA1668 /* CalendarTextField.xib in Resources */,
				7826A06D2B356CE9009DA2D3 /* CalendarPopupController.xib in Resources */,
				78AA53B92B162F8600A63F33 /* LaunchScreen.storyboard in Resources */,
				78AA53B62B162F8600A63F33 /* Assets.xcassets in Resources */,
				78AA53E92B1638E900A63F33 /* GoogleService-Info.plist in Resources */,
				78246ADE2B1982AF005E2FFE /* AddController.xib in Resources */,
				781C5DED2B30A70300150DF1 /* LabeledTextField.xib in Resources */,
			);
			runOnlyForDeploymentPostprocessing = 0;
		};
		78AA53BD2B162F8600A63F33 /* Resources */ = {
			isa = PBXResourcesBuildPhase;
			buildActionMask = 2147483647;
			files = (
			);
			runOnlyForDeploymentPostprocessing = 0;
		};
		78AA53C72B162F8600A63F33 /* Resources */ = {
			isa = PBXResourcesBuildPhase;
			buildActionMask = 2147483647;
			files = (
			);
			runOnlyForDeploymentPostprocessing = 0;
		};
/* End PBXResourcesBuildPhase section */

/* Begin PBXShellScriptBuildPhase section */
		4E98EAF24EC46D36A5B841BE /* [CP] Embed Pods Frameworks */ = {
			isa = PBXShellScriptBuildPhase;
			buildActionMask = 2147483647;
			files = (
			);
			inputFileListPaths = (
				"${PODS_ROOT}/Target Support Files/Pods-KalawSweetyHouse-KalawSweetyHouseUITests/Pods-KalawSweetyHouse-KalawSweetyHouseUITests-frameworks-${CONFIGURATION}-input-files.xcfilelist",
			);
			name = "[CP] Embed Pods Frameworks";
			outputFileListPaths = (
				"${PODS_ROOT}/Target Support Files/Pods-KalawSweetyHouse-KalawSweetyHouseUITests/Pods-KalawSweetyHouse-KalawSweetyHouseUITests-frameworks-${CONFIGURATION}-output-files.xcfilelist",
			);
			runOnlyForDeploymentPostprocessing = 0;
			shellPath = /bin/sh;
			shellScript = "\"${PODS_ROOT}/Target Support Files/Pods-KalawSweetyHouse-KalawSweetyHouseUITests/Pods-KalawSweetyHouse-KalawSweetyHouseUITests-frameworks.sh\"\n";
			showEnvVarsInLog = 0;
		};
		5D5E033144F186B968C6FE62 /* [CP] Embed Pods Frameworks */ = {
			isa = PBXShellScriptBuildPhase;
			buildActionMask = 2147483647;
			files = (
			);
			inputFileListPaths = (
				"${PODS_ROOT}/Target Support Files/Pods-KalawSweetyHouse/Pods-KalawSweetyHouse-frameworks-${CONFIGURATION}-input-files.xcfilelist",
			);
			name = "[CP] Embed Pods Frameworks";
			outputFileListPaths = (
				"${PODS_ROOT}/Target Support Files/Pods-KalawSweetyHouse/Pods-KalawSweetyHouse-frameworks-${CONFIGURATION}-output-files.xcfilelist",
			);
			runOnlyForDeploymentPostprocessing = 0;
			shellPath = /bin/sh;
			shellScript = "\"${PODS_ROOT}/Target Support Files/Pods-KalawSweetyHouse/Pods-KalawSweetyHouse-frameworks.sh\"\n";
			showEnvVarsInLog = 0;
		};
		B010B8288527F75A66B9873B /* [CP] Check Pods Manifest.lock */ = {
			isa = PBXShellScriptBuildPhase;
			buildActionMask = 2147483647;
			files = (
			);
			inputFileListPaths = (
			);
			inputPaths = (
				"${PODS_PODFILE_DIR_PATH}/Podfile.lock",
				"${PODS_ROOT}/Manifest.lock",
			);
			name = "[CP] Check Pods Manifest.lock";
			outputFileListPaths = (
			);
			outputPaths = (
				"$(DERIVED_FILE_DIR)/Pods-KalawSweetyHouseTests-checkManifestLockResult.txt",
			);
			runOnlyForDeploymentPostprocessing = 0;
			shellPath = /bin/sh;
			shellScript = "diff \"${PODS_PODFILE_DIR_PATH}/Podfile.lock\" \"${PODS_ROOT}/Manifest.lock\" > /dev/null\nif [ $? != 0 ] ; then\n    # print error to STDERR\n    echo \"error: The sandbox is not in sync with the Podfile.lock. Run 'pod install' or update your CocoaPods installation.\" >&2\n    exit 1\nfi\n# This output is used by Xcode 'outputs' to avoid re-running this script phase.\necho \"SUCCESS\" > \"${SCRIPT_OUTPUT_FILE_0}\"\n";
			showEnvVarsInLog = 0;
		};
		D9A528C7C661F066D07855A5 /* [CP] Check Pods Manifest.lock */ = {
			isa = PBXShellScriptBuildPhase;
			buildActionMask = 2147483647;
			files = (
			);
			inputFileListPaths = (
			);
			inputPaths = (
				"${PODS_PODFILE_DIR_PATH}/Podfile.lock",
				"${PODS_ROOT}/Manifest.lock",
			);
			name = "[CP] Check Pods Manifest.lock";
			outputFileListPaths = (
			);
			outputPaths = (
				"$(DERIVED_FILE_DIR)/Pods-KalawSweetyHouse-checkManifestLockResult.txt",
			);
			runOnlyForDeploymentPostprocessing = 0;
			shellPath = /bin/sh;
			shellScript = "diff \"${PODS_PODFILE_DIR_PATH}/Podfile.lock\" \"${PODS_ROOT}/Manifest.lock\" > /dev/null\nif [ $? != 0 ] ; then\n    # print error to STDERR\n    echo \"error: The sandbox is not in sync with the Podfile.lock. Run 'pod install' or update your CocoaPods installation.\" >&2\n    exit 1\nfi\n# This output is used by Xcode 'outputs' to avoid re-running this script phase.\necho \"SUCCESS\" > \"${SCRIPT_OUTPUT_FILE_0}\"\n";
			showEnvVarsInLog = 0;
		};
		E6C5B1E1587143C69B54EB71 /* [CP] Check Pods Manifest.lock */ = {
			isa = PBXShellScriptBuildPhase;
			buildActionMask = 2147483647;
			files = (
			);
			inputFileListPaths = (
			);
			inputPaths = (
				"${PODS_PODFILE_DIR_PATH}/Podfile.lock",
				"${PODS_ROOT}/Manifest.lock",
			);
			name = "[CP] Check Pods Manifest.lock";
			outputFileListPaths = (
			);
			outputPaths = (
				"$(DERIVED_FILE_DIR)/Pods-KalawSweetyHouse-KalawSweetyHouseUITests-checkManifestLockResult.txt",
			);
			runOnlyForDeploymentPostprocessing = 0;
			shellPath = /bin/sh;
			shellScript = "diff \"${PODS_PODFILE_DIR_PATH}/Podfile.lock\" \"${PODS_ROOT}/Manifest.lock\" > /dev/null\nif [ $? != 0 ] ; then\n    # print error to STDERR\n    echo \"error: The sandbox is not in sync with the Podfile.lock. Run 'pod install' or update your CocoaPods installation.\" >&2\n    exit 1\nfi\n# This output is used by Xcode 'outputs' to avoid re-running this script phase.\necho \"SUCCESS\" > \"${SCRIPT_OUTPUT_FILE_0}\"\n";
			showEnvVarsInLog = 0;
		};
/* End PBXShellScriptBuildPhase section */

/* Begin PBXSourcesBuildPhase section */
		78AA53A52B162F8500A63F33 /* Sources */ = {
			isa = PBXSourcesBuildPhase;
			buildActionMask = 2147483647;
			files = (
				78AA96932B16508F003D8FC8 /* DashBoardController.swift in Sources */,
				78268E8B2B348FC300AA1668 /* CalendarTextField.swift in Sources */,
				78AA53E42B1633BB00A63F33 /* App.swift in Sources */,
				7826A06C2B356CE9009DA2D3 /* CalendarPopupController.swift in Sources */,
				78AA96892B1647C5003D8FC8 /* FirebaseApi.swift in Sources */,
				78246ADD2B1982AF005E2FFE /* AddController.swift in Sources */,
				78AA53AD2B162F8500A63F33 /* AppDelegate.swift in Sources */,
				78246AE22B199185005E2FFE /* ImageWithTextField.swift in Sources */,
				78AA53E62B16366700A63F33 /* main.swift in Sources */,
				78895AEE2B276C3200DD7E9B /* NibBaseView.swift in Sources */,
				781C5DEF2B30A87800150DF1 /* NibBasedControl.swift in Sources */,
				7826A0682B356C70009DA2D3 /* DimmingBackgroundPresentationController.swift in Sources */,
				78AA53AF2B162F8500A63F33 /* SceneDelegate.swift in Sources */,
				78895AF02B276C5600DD7E9B /* NibLoadableViewProtocol.swift in Sources */,
				78246AE52B199724005E2FFE /* UITextFieldExt++.swift in Sources */,
				78AA968B2B164856003D8FC8 /* CloudFireStoreFirebaseApiImpl.swift in Sources */,
				78AA968E2B1648C3003D8FC8 /* KSHRespnse.swift in Sources */,
				781C5DEB2B30A6EE00150DF1 /* LabeledTextField.swift in Sources */,
			);
			runOnlyForDeploymentPostprocessing = 0;
		};
		78AA53BB2B162F8600A63F33 /* Sources */ = {
			isa = PBXSourcesBuildPhase;
			buildActionMask = 2147483647;
			files = (
				78AA53C42B162F8600A63F33 /* KalawSweetyHouseTests.swift in Sources */,
			);
			runOnlyForDeploymentPostprocessing = 0;
		};
		78AA53C52B162F8600A63F33 /* Sources */ = {
			isa = PBXSourcesBuildPhase;
			buildActionMask = 2147483647;
			files = (
				78AA53CE2B162F8600A63F33 /* KalawSweetyHouseUITests.swift in Sources */,
				78AA53D02B162F8600A63F33 /* KalawSweetyHouseUITestsLaunchTests.swift in Sources */,
			);
			runOnlyForDeploymentPostprocessing = 0;
		};
/* End PBXSourcesBuildPhase section */

/* Begin PBXTargetDependency section */
		78AA53C12B162F8600A63F33 /* PBXTargetDependency */ = {
			isa = PBXTargetDependency;
			target = 78AA53A82B162F8500A63F33 /* KalawSweetyHouse */;
			targetProxy = 78AA53C02B162F8600A63F33 /* PBXContainerItemProxy */;
		};
		78AA53CB2B162F8600A63F33 /* PBXTargetDependency */ = {
			isa = PBXTargetDependency;
			target = 78AA53A82B162F8500A63F33 /* KalawSweetyHouse */;
			targetProxy = 78AA53CA2B162F8600A63F33 /* PBXContainerItemProxy */;
		};
/* End PBXTargetDependency section */

/* Begin PBXVariantGroup section */
		78AA53B72B162F8600A63F33 /* LaunchScreen.storyboard */ = {
			isa = PBXVariantGroup;
			children = (
				78AA53B82B162F8600A63F33 /* Base */,
			);
			name = LaunchScreen.storyboard;
			sourceTree = "<group>";
		};
/* End PBXVariantGroup section */

/* Begin XCBuildConfiguration section */
		78AA53D12B162F8600A63F33 /* Debug */ = {
			isa = XCBuildConfiguration;
			buildSettings = {
				ALWAYS_SEARCH_USER_PATHS = NO;
				CLANG_ANALYZER_NONNULL = YES;
				CLANG_ANALYZER_NUMBER_OBJECT_CONVERSION = YES_AGGRESSIVE;
				CLANG_CXX_LANGUAGE_STANDARD = "gnu++20";
				CLANG_ENABLE_MODULES = YES;
				CLANG_ENABLE_OBJC_ARC = YES;
				CLANG_ENABLE_OBJC_WEAK = YES;
				CLANG_WARN_BLOCK_CAPTURE_AUTORELEASING = YES;
				CLANG_WARN_BOOL_CONVERSION = YES;
				CLANG_WARN_COMMA = YES;
				CLANG_WARN_CONSTANT_CONVERSION = YES;
				CLANG_WARN_DEPRECATED_OBJC_IMPLEMENTATIONS = YES;
				CLANG_WARN_DIRECT_OBJC_ISA_USAGE = YES_ERROR;
				CLANG_WARN_DOCUMENTATION_COMMENTS = YES;
				CLANG_WARN_EMPTY_BODY = YES;
				CLANG_WARN_ENUM_CONVERSION = YES;
				CLANG_WARN_INFINITE_RECURSION = YES;
				CLANG_WARN_INT_CONVERSION = YES;
				CLANG_WARN_NON_LITERAL_NULL_CONVERSION = YES;
				CLANG_WARN_OBJC_IMPLICIT_RETAIN_SELF = YES;
				CLANG_WARN_OBJC_LITERAL_CONVERSION = YES;
				CLANG_WARN_OBJC_ROOT_CLASS = YES_ERROR;
				CLANG_WARN_QUOTED_INCLUDE_IN_FRAMEWORK_HEADER = YES;
				CLANG_WARN_RANGE_LOOP_ANALYSIS = YES;
				CLANG_WARN_STRICT_PROTOTYPES = YES;
				CLANG_WARN_SUSPICIOUS_MOVE = YES;
				CLANG_WARN_UNGUARDED_AVAILABILITY = YES_AGGRESSIVE;
				CLANG_WARN_UNREACHABLE_CODE = YES;
				CLANG_WARN__DUPLICATE_METHOD_MATCH = YES;
				COPY_PHASE_STRIP = NO;
				DEBUG_INFORMATION_FORMAT = dwarf;
				ENABLE_STRICT_OBJC_MSGSEND = YES;
				ENABLE_TESTABILITY = YES;
				GCC_C_LANGUAGE_STANDARD = gnu11;
				GCC_DYNAMIC_NO_PIC = NO;
				GCC_NO_COMMON_BLOCKS = YES;
				GCC_OPTIMIZATION_LEVEL = 0;
				GCC_PREPROCESSOR_DEFINITIONS = (
					"DEBUG=1",
					"$(inherited)",
				);
				GCC_WARN_64_TO_32_BIT_CONVERSION = YES;
				GCC_WARN_ABOUT_RETURN_TYPE = YES_ERROR;
				GCC_WARN_UNDECLARED_SELECTOR = YES;
				GCC_WARN_UNINITIALIZED_AUTOS = YES_AGGRESSIVE;
				GCC_WARN_UNUSED_FUNCTION = YES;
				GCC_WARN_UNUSED_VARIABLE = YES;
				IPHONEOS_DEPLOYMENT_TARGET = 13.0;
				MTL_ENABLE_DEBUG_INFO = INCLUDE_SOURCE;
				MTL_FAST_MATH = YES;
				ONLY_ACTIVE_ARCH = YES;
				SDKROOT = iphoneos;
				SWIFT_ACTIVE_COMPILATION_CONDITIONS = DEBUG;
				SWIFT_OPTIMIZATION_LEVEL = "-Onone";
			};
			name = Debug;
		};
		78AA53D22B162F8600A63F33 /* Release */ = {
			isa = XCBuildConfiguration;
			buildSettings = {
				ALWAYS_SEARCH_USER_PATHS = NO;
				CLANG_ANALYZER_NONNULL = YES;
				CLANG_ANALYZER_NUMBER_OBJECT_CONVERSION = YES_AGGRESSIVE;
				CLANG_CXX_LANGUAGE_STANDARD = "gnu++20";
				CLANG_ENABLE_MODULES = YES;
				CLANG_ENABLE_OBJC_ARC = YES;
				CLANG_ENABLE_OBJC_WEAK = YES;
				CLANG_WARN_BLOCK_CAPTURE_AUTORELEASING = YES;
				CLANG_WARN_BOOL_CONVERSION = YES;
				CLANG_WARN_COMMA = YES;
				CLANG_WARN_CONSTANT_CONVERSION = YES;
				CLANG_WARN_DEPRECATED_OBJC_IMPLEMENTATIONS = YES;
				CLANG_WARN_DIRECT_OBJC_ISA_USAGE = YES_ERROR;
				CLANG_WARN_DOCUMENTATION_COMMENTS = YES;
				CLANG_WARN_EMPTY_BODY = YES;
				CLANG_WARN_ENUM_CONVERSION = YES;
				CLANG_WARN_INFINITE_RECURSION = YES;
				CLANG_WARN_INT_CONVERSION = YES;
				CLANG_WARN_NON_LITERAL_NULL_CONVERSION = YES;
				CLANG_WARN_OBJC_IMPLICIT_RETAIN_SELF = YES;
				CLANG_WARN_OBJC_LITERAL_CONVERSION = YES;
				CLANG_WARN_OBJC_ROOT_CLASS = YES_ERROR;
				CLANG_WARN_QUOTED_INCLUDE_IN_FRAMEWORK_HEADER = YES;
				CLANG_WARN_RANGE_LOOP_ANALYSIS = YES;
				CLANG_WARN_STRICT_PROTOTYPES = YES;
				CLANG_WARN_SUSPICIOUS_MOVE = YES;
				CLANG_WARN_UNGUARDED_AVAILABILITY = YES_AGGRESSIVE;
				CLANG_WARN_UNREACHABLE_CODE = YES;
				CLANG_WARN__DUPLICATE_METHOD_MATCH = YES;
				COPY_PHASE_STRIP = NO;
				DEBUG_INFORMATION_FORMAT = "dwarf-with-dsym";
				ENABLE_NS_ASSERTIONS = NO;
				ENABLE_STRICT_OBJC_MSGSEND = YES;
				GCC_C_LANGUAGE_STANDARD = gnu11;
				GCC_NO_COMMON_BLOCKS = YES;
				GCC_WARN_64_TO_32_BIT_CONVERSION = YES;
				GCC_WARN_ABOUT_RETURN_TYPE = YES_ERROR;
				GCC_WARN_UNDECLARED_SELECTOR = YES;
				GCC_WARN_UNINITIALIZED_AUTOS = YES_AGGRESSIVE;
				GCC_WARN_UNUSED_FUNCTION = YES;
				GCC_WARN_UNUSED_VARIABLE = YES;
				IPHONEOS_DEPLOYMENT_TARGET = 13.0;
				MTL_ENABLE_DEBUG_INFO = NO;
				MTL_FAST_MATH = YES;
				SDKROOT = iphoneos;
				SWIFT_COMPILATION_MODE = wholemodule;
				SWIFT_OPTIMIZATION_LEVEL = "-O";
				VALIDATE_PRODUCT = YES;
			};
			name = Release;
		};
		78AA53D42B162F8600A63F33 /* Debug */ = {
			isa = XCBuildConfiguration;
			baseConfigurationReference = 385351785C404A646968E977 /* Pods-KalawSweetyHouse.debug.xcconfig */;
			buildSettings = {
				ASSETCATALOG_COMPILER_APPICON_NAME = AppIcon;
				ASSETCATALOG_COMPILER_GLOBAL_ACCENT_COLOR_NAME = AccentColor;
				CODE_SIGN_STYLE = Automatic;
				CURRENT_PROJECT_VERSION = 1;
				DEVELOPMENT_TEAM = 53N76S33FJ;
				GENERATE_INFOPLIST_FILE = YES;
				INFOPLIST_FILE = KalawSweetyHouse/Application/Info/Info.plist;
				INFOPLIST_KEY_UIApplicationSupportsIndirectInputEvents = YES;
				INFOPLIST_KEY_UILaunchStoryboardName = LaunchScreen;
				INFOPLIST_KEY_UISupportedInterfaceOrientations_iPad = "UIInterfaceOrientationPortrait UIInterfaceOrientationPortraitUpsideDown UIInterfaceOrientationLandscapeLeft UIInterfaceOrientationLandscapeRight";
				INFOPLIST_KEY_UISupportedInterfaceOrientations_iPhone = "UIInterfaceOrientationPortrait UIInterfaceOrientationLandscapeLeft UIInterfaceOrientationLandscapeRight";
				IPHONEOS_DEPLOYMENT_TARGET = 13.0;
				LD_RUNPATH_SEARCH_PATHS = (
					"$(inherited)",
					"@executable_path/Frameworks",
				);
				LIBRARY_SEARCH_PATHS = (
					"$(inherited)",
					"\"$(DT_TOOLCHAIN_DIR)/us/lib/swift/${PLATFORM_NAME}\"",
					/usr/lib/swift,
				);
				MARKETING_VERSION = 1.0;
				PRODUCT_BUNDLE_IDENTIFIER = com.dev.KalawSweetyHouse.v1;
				PRODUCT_NAME = "$(TARGET_NAME)";
				SWIFT_EMIT_LOC_STRINGS = YES;
				SWIFT_VERSION = 5.0;
				TARGETED_DEVICE_FAMILY = "1,2";
				TOOLCHAIN_DIR = "$(DEVELOPER_DIR)/Toolchains/XcodeDefault.xctoolchain";
			};
			name = Debug;
		};
		78AA53D52B162F8600A63F33 /* Release */ = {
			isa = XCBuildConfiguration;
			baseConfigurationReference = E84351CCEE36B1D179B4A49A /* Pods-KalawSweetyHouse.release.xcconfig */;
			buildSettings = {
				ASSETCATALOG_COMPILER_APPICON_NAME = AppIcon;
				ASSETCATALOG_COMPILER_GLOBAL_ACCENT_COLOR_NAME = AccentColor;
				CODE_SIGN_STYLE = Automatic;
				CURRENT_PROJECT_VERSION = 1;
				DEVELOPMENT_TEAM = 53N76S33FJ;
				GENERATE_INFOPLIST_FILE = YES;
				INFOPLIST_FILE = KalawSweetyHouse/Application/Info/Info.plist;
				INFOPLIST_KEY_UIApplicationSupportsIndirectInputEvents = YES;
				INFOPLIST_KEY_UILaunchStoryboardName = LaunchScreen;
				INFOPLIST_KEY_UISupportedInterfaceOrientations_iPad = "UIInterfaceOrientationPortrait UIInterfaceOrientationPortraitUpsideDown UIInterfaceOrientationLandscapeLeft UIInterfaceOrientationLandscapeRight";
				INFOPLIST_KEY_UISupportedInterfaceOrientations_iPhone = "UIInterfaceOrientationPortrait UIInterfaceOrientationLandscapeLeft UIInterfaceOrientationLandscapeRight";
				IPHONEOS_DEPLOYMENT_TARGET = 13.0;
				LD_RUNPATH_SEARCH_PATHS = (
					"$(inherited)",
					"@executable_path/Frameworks",
				);
				LIBRARY_SEARCH_PATHS = (
					"$(inherited)",
					"\"$(DT_TOOLCHAIN_DIR)/us/lib/swift/${PLATFORM_NAME}\"",
					/usr/lib/swift,
				);
				MARKETING_VERSION = 1.0;
				PRODUCT_BUNDLE_IDENTIFIER = com.dev.KalawSweetyHouse.v1;
				PRODUCT_NAME = "$(TARGET_NAME)";
				SWIFT_EMIT_LOC_STRINGS = YES;
				SWIFT_VERSION = 5.0;
				TARGETED_DEVICE_FAMILY = "1,2";
				TOOLCHAIN_DIR = "$(DEVELOPER_DIR)/Toolchains/XcodeDefault.xctoolchain";
			};
			name = Release;
		};
		78AA53D72B162F8600A63F33 /* Debug */ = {
			isa = XCBuildConfiguration;
			baseConfigurationReference = 734FBD1330B711F874715CC0 /* Pods-KalawSweetyHouseTests.debug.xcconfig */;
			buildSettings = {
				ALWAYS_EMBED_SWIFT_STANDARD_LIBRARIES = YES;
				BUNDLE_LOADER = "$(TEST_HOST)";
				CODE_SIGN_STYLE = Automatic;
				CURRENT_PROJECT_VERSION = 1;
				DEVELOPMENT_TEAM = 53N76S33FJ;
				GENERATE_INFOPLIST_FILE = YES;
				IPHONEOS_DEPLOYMENT_TARGET = 16.4;
				MARKETING_VERSION = 1.0;
				PRODUCT_BUNDLE_IDENTIFIER = com.dev.KalawSweetyHouseTests;
				PRODUCT_NAME = "$(TARGET_NAME)";
				SWIFT_EMIT_LOC_STRINGS = NO;
				SWIFT_VERSION = 5.0;
				TARGETED_DEVICE_FAMILY = "1,2";
				TEST_HOST = "$(BUILT_PRODUCTS_DIR)/KalawSweetyHouse.app/$(BUNDLE_EXECUTABLE_FOLDER_PATH)/KalawSweetyHouse";
			};
			name = Debug;
		};
		78AA53D82B162F8600A63F33 /* Release */ = {
			isa = XCBuildConfiguration;
			baseConfigurationReference = 215F8649976CF41F7B16BBE3 /* Pods-KalawSweetyHouseTests.release.xcconfig */;
			buildSettings = {
				ALWAYS_EMBED_SWIFT_STANDARD_LIBRARIES = YES;
				BUNDLE_LOADER = "$(TEST_HOST)";
				CODE_SIGN_STYLE = Automatic;
				CURRENT_PROJECT_VERSION = 1;
				DEVELOPMENT_TEAM = 53N76S33FJ;
				GENERATE_INFOPLIST_FILE = YES;
				IPHONEOS_DEPLOYMENT_TARGET = 16.4;
				MARKETING_VERSION = 1.0;
				PRODUCT_BUNDLE_IDENTIFIER = com.dev.KalawSweetyHouseTests;
				PRODUCT_NAME = "$(TARGET_NAME)";
				SWIFT_EMIT_LOC_STRINGS = NO;
				SWIFT_VERSION = 5.0;
				TARGETED_DEVICE_FAMILY = "1,2";
				TEST_HOST = "$(BUILT_PRODUCTS_DIR)/KalawSweetyHouse.app/$(BUNDLE_EXECUTABLE_FOLDER_PATH)/KalawSweetyHouse";
			};
			name = Release;
		};
		78AA53DA2B162F8600A63F33 /* Debug */ = {
			isa = XCBuildConfiguration;
			baseConfigurationReference = 91C94DF39B0A0D2A5A40CDD1 /* Pods-KalawSweetyHouse-KalawSweetyHouseUITests.debug.xcconfig */;
			buildSettings = {
				ALWAYS_EMBED_SWIFT_STANDARD_LIBRARIES = YES;
				CODE_SIGN_STYLE = Automatic;
				CURRENT_PROJECT_VERSION = 1;
				DEVELOPMENT_TEAM = 53N76S33FJ;
				GENERATE_INFOPLIST_FILE = YES;
				MARKETING_VERSION = 1.0;
				PRODUCT_BUNDLE_IDENTIFIER = com.dev.KalawSweetyHouseUITests;
				PRODUCT_NAME = "$(TARGET_NAME)";
				SWIFT_EMIT_LOC_STRINGS = NO;
				SWIFT_VERSION = 5.0;
				TARGETED_DEVICE_FAMILY = "1,2";
				TEST_TARGET_NAME = KalawSweetyHouse;
			};
			name = Debug;
		};
		78AA53DB2B162F8600A63F33 /* Release */ = {
			isa = XCBuildConfiguration;
			baseConfigurationReference = 10132A49DAEB02849361BA50 /* Pods-KalawSweetyHouse-KalawSweetyHouseUITests.release.xcconfig */;
			buildSettings = {
				ALWAYS_EMBED_SWIFT_STANDARD_LIBRARIES = YES;
				CODE_SIGN_STYLE = Automatic;
				CURRENT_PROJECT_VERSION = 1;
				DEVELOPMENT_TEAM = 53N76S33FJ;
				GENERATE_INFOPLIST_FILE = YES;
				MARKETING_VERSION = 1.0;
				PRODUCT_BUNDLE_IDENTIFIER = com.dev.KalawSweetyHouseUITests;
				PRODUCT_NAME = "$(TARGET_NAME)";
				SWIFT_EMIT_LOC_STRINGS = NO;
				SWIFT_VERSION = 5.0;
				TARGETED_DEVICE_FAMILY = "1,2";
				TEST_TARGET_NAME = KalawSweetyHouse;
			};
			name = Release;
		};
/* End XCBuildConfiguration section */

/* Begin XCConfigurationList section */
		78AA53A42B162F8500A63F33 /* Build configuration list for PBXProject "KalawSweetyHouse" */ = {
			isa = XCConfigurationList;
			buildConfigurations = (
				78AA53D12B162F8600A63F33 /* Debug */,
				78AA53D22B162F8600A63F33 /* Release */,
			);
			defaultConfigurationIsVisible = 0;
			defaultConfigurationName = Release;
		};
		78AA53D32B162F8600A63F33 /* Build configuration list for PBXNativeTarget "KalawSweetyHouse" */ = {
			isa = XCConfigurationList;
			buildConfigurations = (
				78AA53D42B162F8600A63F33 /* Debug */,
				78AA53D52B162F8600A63F33 /* Release */,
			);
			defaultConfigurationIsVisible = 0;
			defaultConfigurationName = Release;
		};
		78AA53D62B162F8600A63F33 /* Build configuration list for PBXNativeTarget "KalawSweetyHouseTests" */ = {
			isa = XCConfigurationList;
			buildConfigurations = (
				78AA53D72B162F8600A63F33 /* Debug */,
				78AA53D82B162F8600A63F33 /* Release */,
			);
			defaultConfigurationIsVisible = 0;
			defaultConfigurationName = Release;
		};
		78AA53D92B162F8600A63F33 /* Build configuration list for PBXNativeTarget "KalawSweetyHouseUITests" */ = {
			isa = XCConfigurationList;
			buildConfigurations = (
				78AA53DA2B162F8600A63F33 /* Debug */,
				78AA53DB2B162F8600A63F33 /* Release */,
			);
			defaultConfigurationIsVisible = 0;
			defaultConfigurationName = Release;
		};
/* End XCConfigurationList section */
	};
	rootObject = 78AA53A12B162F8500A63F33 /* Project object */;
}
